
Microsoft Visual Studio Solution File, Format Version 12.00
# Visual Studio 2012
Project("{FAE04EC0-301F-11D3-BF4B-00C04F79EFBC}") = "P18_McKenzieBradley_Santa", "P18_McKenzieBradley_Santa\P18_McKenzieBradley_Santa.csproj", "{18EB8D42-4B11-4EED-A86F-9C914F588E89}"
EndProject
Global
	GlobalSection(SolutionConfigurationPlatforms) = preSolution
		Debug|Any CPU = Debug|Any CPU
		Release|Any CPU = Release|Any CPU
	EndGlobalSection
	GlobalSection(ProjectConfigurationPlatforms) = postSolution
		{18EB8D42-4B11-4EED-A86F-9C914F588E89}.Debug|Any CPU.ActiveCfg = Debug|Any CPU
		{18EB8D42-4B11-4EED-A86F-9C914F588E89}.Debug|Any CPU.Build.0 = Debug|Any CPU
		{18EB8D42-4B11-4EED-A86F-9C914F588E89}.Release|Any CPU.ActiveCfg = Release|Any CPU
		{18EB8D42-4B11-4EED-A86F-9C914F588E89}.Release|Any CPU.Build.0 = Release|Any CPU
	EndGlobalSection
	GlobalSection(SolutionProperties) = preSolution
		HideSolutionNode = FALSE
	EndGlobalSection
EndGlobal
