
Microsoft Visual Studio Solution File, Format Version 11.00
# Visual Studio 2010
Project("{F184B08F-C81C-45F6-A57F-5ABD9991F28F}") = "WindowsApplication1", "WindowsApplication1\WindowsApplication1.vbproj", "{21109C9F-2740-4CFD-A97E-EB69CCD1F81C}"
EndProject
Global
	GlobalSection(SolutionConfigurationPlatforms) = preSolution
		Debug|x86 = Debug|x86
		Release|x86 = Release|x86
	EndGlobalSection
	GlobalSection(ProjectConfigurationPlatforms) = postSolution
		{21109C9F-2740-4CFD-A97E-EB69CCD1F81C}.Debug|x86.ActiveCfg = Debug|x86
		{21109C9F-2740-4CFD-A97E-EB69CCD1F81C}.Debug|x86.Build.0 = Debug|x86
		{21109C9F-2740-4CFD-A97E-EB69CCD1F81C}.Release|x86.ActiveCfg = Release|x86
		{21109C9F-2740-4CFD-A97E-EB69CCD1F81C}.Release|x86.Build.0 = Release|x86
	EndGlobalSection
	GlobalSection(SolutionProperties) = preSolution
		HideSolutionNode = FALSE
	EndGlobalSection
EndGlobal
