
Microsoft Visual Studio Solution File, Format Version 12.00
# Visual Studio 2012
Project("{FAE04EC0-301F-11D3-BF4B-00C04F79EFBC}") = "P15_McKenzieBradley_KidPix", "P15_McKenzieBradley_KidPix\P15_McKenzieBradley_KidPix.csproj", "{C34A4B17-E2DA-4057-9E93-8A93EE634768}"
EndProject
Global
	GlobalSection(SolutionConfigurationPlatforms) = preSolution
		Debug|Any CPU = Debug|Any CPU
		Release|Any CPU = Release|Any CPU
	EndGlobalSection
	GlobalSection(ProjectConfigurationPlatforms) = postSolution
		{C34A4B17-E2DA-4057-9E93-8A93EE634768}.Debug|Any CPU.ActiveCfg = Debug|Any CPU
		{C34A4B17-E2DA-4057-9E93-8A93EE634768}.Debug|Any CPU.Build.0 = Debug|Any CPU
		{C34A4B17-E2DA-4057-9E93-8A93EE634768}.Release|Any CPU.ActiveCfg = Release|Any CPU
		{C34A4B17-E2DA-4057-9E93-8A93EE634768}.Release|Any CPU.Build.0 = Release|Any CPU
	EndGlobalSection
	GlobalSection(SolutionProperties) = preSolution
		HideSolutionNode = FALSE
	EndGlobalSection
EndGlobal
