
Microsoft Visual Studio Solution File, Format Version 12.00
# Visual Studio 2012
Project("{FAE04EC0-301F-11D3-BF4B-00C04F79EFBC}") = "P12_McKenzieBradley_Tank", "P12_McKenzieBradley_Tank\P12_McKenzieBradley_Tank.csproj", "{60358D9D-26A8-4317-9EC4-9CB8DA54881D}"
EndProject
Global
	GlobalSection(SolutionConfigurationPlatforms) = preSolution
		Debug|Any CPU = Debug|Any CPU
		Release|Any CPU = Release|Any CPU
	EndGlobalSection
	GlobalSection(ProjectConfigurationPlatforms) = postSolution
		{60358D9D-26A8-4317-9EC4-9CB8DA54881D}.Debug|Any CPU.ActiveCfg = Debug|Any CPU
		{60358D9D-26A8-4317-9EC4-9CB8DA54881D}.Debug|Any CPU.Build.0 = Debug|Any CPU
		{60358D9D-26A8-4317-9EC4-9CB8DA54881D}.Release|Any CPU.ActiveCfg = Release|Any CPU
		{60358D9D-26A8-4317-9EC4-9CB8DA54881D}.Release|Any CPU.Build.0 = Release|Any CPU
	EndGlobalSection
	GlobalSection(SolutionProperties) = preSolution
		HideSolutionNode = FALSE
	EndGlobalSection
EndGlobal
