
Microsoft Visual Studio Solution File, Format Version 12.00
# Visual Studio 2012
Project("{FAE04EC0-301F-11D3-BF4B-00C04F79EFBC}") = "P14_McKenzieBradley_Guitar", "P14_McKenzieBradley_Guitar\P14_McKenzieBradley_Guitar.csproj", "{B662B7C0-7490-4D9C-877B-65E0DE85FFF1}"
EndProject
Global
	GlobalSection(SolutionConfigurationPlatforms) = preSolution
		Debug|Any CPU = Debug|Any CPU
		Release|Any CPU = Release|Any CPU
	EndGlobalSection
	GlobalSection(ProjectConfigurationPlatforms) = postSolution
		{B662B7C0-7490-4D9C-877B-65E0DE85FFF1}.Debug|Any CPU.ActiveCfg = Debug|Any CPU
		{B662B7C0-7490-4D9C-877B-65E0DE85FFF1}.Debug|Any CPU.Build.0 = Debug|Any CPU
		{B662B7C0-7490-4D9C-877B-65E0DE85FFF1}.Release|Any CPU.ActiveCfg = Release|Any CPU
		{B662B7C0-7490-4D9C-877B-65E0DE85FFF1}.Release|Any CPU.Build.0 = Release|Any CPU
	EndGlobalSection
	GlobalSection(SolutionProperties) = preSolution
		HideSolutionNode = FALSE
	EndGlobalSection
EndGlobal
